
Microsoft Visual Studio Solution File, Format Version 12.00
# Visual Studio Version 17
VisualStudioVersion = 17.4.33020.496
MinimumVisualStudioVersion = 10.0.40219.1
Project("{888888A0-9F3D-457C-B088-3A5042F75D52}") = "DjangoWebProject3", "DjangoWebProject3\DjangoWebProject3.pyproj", "{E21AAD9D-066C-49EC-9ADD-81950F8BEF27}"
EndProject
Global
	GlobalSection(SolutionConfigurationPlatforms) = preSolution
		Debug|Any CPU = Debug|Any CPU
		Release|Any CPU = Release|Any CPU
	EndGlobalSection
	GlobalSection(ProjectConfigurationPlatforms) = postSolution
		{E21AAD9D-066C-49EC-9ADD-81950F8BEF27}.Debug|Any CPU.ActiveCfg = Debug|Any CPU
		{E21AAD9D-066C-49EC-9ADD-81950F8BEF27}.Debug|Any CPU.Build.0 = Debug|Any CPU
		{E21AAD9D-066C-49EC-9ADD-81950F8BEF27}.Release|Any CPU.ActiveCfg = Release|Any CPU
		{E21AAD9D-066C-49EC-9ADD-81950F8BEF27}.Release|Any CPU.Build.0 = Release|Any CPU
	EndGlobalSection
	GlobalSection(SolutionProperties) = preSolution
		HideSolutionNode = FALSE
	EndGlobalSection
	GlobalSection(ExtensibilityGlobals) = postSolution
		SolutionGuid = {0FC4B122-159B-443A-A01B-98F23515CAE7}
	EndGlobalSection
EndGlobal
